
Microsoft Visual Studio Solution File, Format Version 12.00
# Visual Studio 14
VisualStudioVersion = 14.0.23107.0
MinimumVisualStudioVersion = 10.0.40219.1
Project("{2150E333-8FDC-42A3-9474-1A3956D46DE8}") = "src", "src", "{1EF0C637-0F16-4903-86C3-6C5C5FE3152D}"
EndProject
Project("{2150E333-8FDC-42A3-9474-1A3956D46DE8}") = "Solution Items", "Solution Items", "{200365EA-188E-439D-92DB-F091CE42988F}"
	ProjectSection(SolutionItems) = preProject
		global.json = global.json
	EndProjectSection
EndProject
Project("{8BB2217D-0F2D-49D1-97BC-3654ED321F3B}") = "Assignment2", "src\Assignment2\Assignment2.xproj", "{883C98AD-71D4-450A-AE55-97F88C6298EC}"
EndProject
Global
	GlobalSection(SolutionConfigurationPlatforms) = preSolution
		Debug|Any CPU = Debug|Any CPU
		Release|Any CPU = Release|Any CPU
	EndGlobalSection
	GlobalSection(ProjectConfigurationPlatforms) = postSolution
		{883C98AD-71D4-450A-AE55-97F88C6298EC}.Debug|Any CPU.ActiveCfg = Debug|Any CPU
		{883C98AD-71D4-450A-AE55-97F88C6298EC}.Debug|Any CPU.Build.0 = Debug|Any CPU
		{883C98AD-71D4-450A-AE55-97F88C6298EC}.Release|Any CPU.ActiveCfg = Release|Any CPU
		{883C98AD-71D4-450A-AE55-97F88C6298EC}.Release|Any CPU.Build.0 = Release|Any CPU
	EndGlobalSection
	GlobalSection(SolutionProperties) = preSolution
		HideSolutionNode = FALSE
	EndGlobalSection
	GlobalSection(NestedProjects) = preSolution
		{883C98AD-71D4-450A-AE55-97F88C6298EC} = {1EF0C637-0F16-4903-86C3-6C5C5FE3152D}
	EndGlobalSection
EndGlobal
