
Microsoft Visual Studio Solution File, Format Version 12.00
# Visual Studio 14
VisualStudioVersion = 14.0.23107.0
MinimumVisualStudioVersion = 10.0.40219.1
Project("{FAE04EC0-301F-11D3-BF4B-00C04F79EFBC}") = "Lab2", "Lab2\Lab2.csproj", "{B10C3A1A-AE71-429E-9078-71C6379D2CBC}"
EndProject
Project("{FAE04EC0-301F-11D3-BF4B-00C04F79EFBC}") = "API.Models", "API.Models\API.Models.csproj", "{7F1368F0-2FC2-409D-A992-48509F22C873}"
EndProject
Project("{FAE04EC0-301F-11D3-BF4B-00C04F79EFBC}") = "API.Services", "API.Services\API.Services.csproj", "{05A559B6-79B0-472F-B228-57F02F6FA387}"
EndProject
Global
	GlobalSection(SolutionConfigurationPlatforms) = preSolution
		Debug|Any CPU = Debug|Any CPU
		Release|Any CPU = Release|Any CPU
	EndGlobalSection
	GlobalSection(ProjectConfigurationPlatforms) = postSolution
		{B10C3A1A-AE71-429E-9078-71C6379D2CBC}.Debug|Any CPU.ActiveCfg = Debug|Any CPU
		{B10C3A1A-AE71-429E-9078-71C6379D2CBC}.Debug|Any CPU.Build.0 = Debug|Any CPU
		{B10C3A1A-AE71-429E-9078-71C6379D2CBC}.Release|Any CPU.ActiveCfg = Release|Any CPU
		{B10C3A1A-AE71-429E-9078-71C6379D2CBC}.Release|Any CPU.Build.0 = Release|Any CPU
		{7F1368F0-2FC2-409D-A992-48509F22C873}.Debug|Any CPU.ActiveCfg = Debug|Any CPU
		{7F1368F0-2FC2-409D-A992-48509F22C873}.Debug|Any CPU.Build.0 = Debug|Any CPU
		{7F1368F0-2FC2-409D-A992-48509F22C873}.Release|Any CPU.ActiveCfg = Release|Any CPU
		{7F1368F0-2FC2-409D-A992-48509F22C873}.Release|Any CPU.Build.0 = Release|Any CPU
		{05A559B6-79B0-472F-B228-57F02F6FA387}.Debug|Any CPU.ActiveCfg = Debug|Any CPU
		{05A559B6-79B0-472F-B228-57F02F6FA387}.Debug|Any CPU.Build.0 = Debug|Any CPU
		{05A559B6-79B0-472F-B228-57F02F6FA387}.Release|Any CPU.ActiveCfg = Release|Any CPU
		{05A559B6-79B0-472F-B228-57F02F6FA387}.Release|Any CPU.Build.0 = Release|Any CPU
	EndGlobalSection
	GlobalSection(SolutionProperties) = preSolution
		HideSolutionNode = FALSE
	EndGlobalSection
EndGlobal
